
Microsoft Visual Studio Solution File, Format Version 12.00
# Visual Studio Version 17
VisualStudioVersion = 17.7.34031.279
MinimumVisualStudioVersion = 10.0.40219.1
Project("{FAE04EC0-301F-11D3-BF4B-00C04F79EFBC}") = "Kelime_Ogren", "Kelime_Ogren\Kelime_Ogren.csproj", "{D3AE1D4E-0C90-40E6-9BA5-8315113E750E}"
EndProject
Global
	GlobalSection(SolutionConfigurationPlatforms) = preSolution
		Debug|Any CPU = Debug|Any CPU
		Release|Any CPU = Release|Any CPU
	EndGlobalSection
	GlobalSection(ProjectConfigurationPlatforms) = postSolution
		{D3AE1D4E-0C90-40E6-9BA5-8315113E750E}.Debug|Any CPU.ActiveCfg = Debug|Any CPU
		{D3AE1D4E-0C90-40E6-9BA5-8315113E750E}.Debug|Any CPU.Build.0 = Debug|Any CPU
		{D3AE1D4E-0C90-40E6-9BA5-8315113E750E}.Release|Any CPU.ActiveCfg = Release|Any CPU
		{D3AE1D4E-0C90-40E6-9BA5-8315113E750E}.Release|Any CPU.Build.0 = Release|Any CPU
	EndGlobalSection
	GlobalSection(SolutionProperties) = preSolution
		HideSolutionNode = FALSE
	EndGlobalSection
	GlobalSection(ExtensibilityGlobals) = postSolution
		SolutionGuid = {4E308AD1-C908-4E2E-B023-31F5E44B22F7}
	EndGlobalSection
EndGlobal
